
Microsoft Visual Studio Solution File, Format Version 12.00
# Visual Studio Version 16
VisualStudioVersion = 16.0.31424.327
MinimumVisualStudioVersion = 10.0.40219.1
Project("{FAE04EC0-301F-11D3-BF4B-00C04F79EFBC}") = "Win", "Win\Win.csproj", "{F8770BB8-C288-456F-9612-458975EEF0B3}"
EndProject
Project("{FAE04EC0-301F-11D3-BF4B-00C04F79EFBC}") = "CAD", "CAD\CAD.csproj", "{AEE80B8B-9537-4578-9572-C31ACE811E13}"
EndProject
Global
	GlobalSection(SolutionConfigurationPlatforms) = preSolution
		Debug|Any CPU = Debug|Any CPU
		Release|Any CPU = Release|Any CPU
	EndGlobalSection
	GlobalSection(ProjectConfigurationPlatforms) = postSolution
		{F8770BB8-C288-456F-9612-458975EEF0B3}.Debug|Any CPU.ActiveCfg = Debug|Any CPU
		{F8770BB8-C288-456F-9612-458975EEF0B3}.Debug|Any CPU.Build.0 = Debug|Any CPU
		{F8770BB8-C288-456F-9612-458975EEF0B3}.Release|Any CPU.ActiveCfg = Release|Any CPU
		{F8770BB8-C288-456F-9612-458975EEF0B3}.Release|Any CPU.Build.0 = Release|Any CPU
		{AEE80B8B-9537-4578-9572-C31ACE811E13}.Debug|Any CPU.ActiveCfg = Debug|Any CPU
		{AEE80B8B-9537-4578-9572-C31ACE811E13}.Debug|Any CPU.Build.0 = Debug|Any CPU
		{AEE80B8B-9537-4578-9572-C31ACE811E13}.Release|Any CPU.ActiveCfg = Release|Any CPU
		{AEE80B8B-9537-4578-9572-C31ACE811E13}.Release|Any CPU.Build.0 = Release|Any CPU
	EndGlobalSection
	GlobalSection(SolutionProperties) = preSolution
		HideSolutionNode = FALSE
	EndGlobalSection
	GlobalSection(ExtensibilityGlobals) = postSolution
		SolutionGuid = {6B62D725-7905-4352-A1A9-48E881CCC892}
	EndGlobalSection
EndGlobal
